
Microsoft Visual Studio Solution File, Format Version 12.00
# Visual Studio Version 16
VisualStudioVersion = 16.0.29503.13
MinimumVisualStudioVersion = 10.0.40219.1
Project("{9A19103F-16F7-4668-BE54-9A1E7A4F7556}") = "EsqFeatureToggle", "EsqFeatureToggle\EsqFeatureToggle.csproj", "{2E9E1B5B-F42C-4148-8EA1-A8B11F22E870}"
EndProject
Project("{FAE04EC0-301F-11D3-BF4B-00C04F79EFBC}") = "EsqFeatureToggle.MVC", "EsqFeatureToggle.MVC\EsqFeatureToggle.MVC.csproj", "{30DCD932-ED37-4C17-BBB3-4ADE65CF2E43}"
EndProject
Project("{FAE04EC0-301F-11D3-BF4B-00C04F79EFBC}") = "EsqFeatureToggle.API", "EsqFeatureToggle.API\EsqFeatureToggle.API.csproj", "{377B3F2C-BA14-4510-8FCA-81466FCA9FD7}"
EndProject
Global
	GlobalSection(SolutionConfigurationPlatforms) = preSolution
		Debug|Any CPU = Debug|Any CPU
		Release|Any CPU = Release|Any CPU
	EndGlobalSection
	GlobalSection(ProjectConfigurationPlatforms) = postSolution
		{2E9E1B5B-F42C-4148-8EA1-A8B11F22E870}.Debug|Any CPU.ActiveCfg = Debug|Any CPU
		{2E9E1B5B-F42C-4148-8EA1-A8B11F22E870}.Debug|Any CPU.Build.0 = Debug|Any CPU
		{2E9E1B5B-F42C-4148-8EA1-A8B11F22E870}.Release|Any CPU.ActiveCfg = Release|Any CPU
		{2E9E1B5B-F42C-4148-8EA1-A8B11F22E870}.Release|Any CPU.Build.0 = Release|Any CPU
		{30DCD932-ED37-4C17-BBB3-4ADE65CF2E43}.Debug|Any CPU.ActiveCfg = Debug|Any CPU
		{30DCD932-ED37-4C17-BBB3-4ADE65CF2E43}.Debug|Any CPU.Build.0 = Debug|Any CPU
		{30DCD932-ED37-4C17-BBB3-4ADE65CF2E43}.Release|Any CPU.ActiveCfg = Release|Any CPU
		{30DCD932-ED37-4C17-BBB3-4ADE65CF2E43}.Release|Any CPU.Build.0 = Release|Any CPU
		{377B3F2C-BA14-4510-8FCA-81466FCA9FD7}.Debug|Any CPU.ActiveCfg = Debug|Any CPU
		{377B3F2C-BA14-4510-8FCA-81466FCA9FD7}.Debug|Any CPU.Build.0 = Debug|Any CPU
		{377B3F2C-BA14-4510-8FCA-81466FCA9FD7}.Release|Any CPU.ActiveCfg = Release|Any CPU
		{377B3F2C-BA14-4510-8FCA-81466FCA9FD7}.Release|Any CPU.Build.0 = Release|Any CPU
	EndGlobalSection
	GlobalSection(SolutionProperties) = preSolution
		HideSolutionNode = FALSE
	EndGlobalSection
	GlobalSection(ExtensibilityGlobals) = postSolution
		SolutionGuid = {84594EC8-C997-40DB-BC97-527E08DCC285}
	EndGlobalSection
EndGlobal
